
Microsoft Visual Studio Solution File, Format Version 12.00
Project("{FAE04EC0-301F-11D3-BF4B-00C04F79EFBC}") = "CSharpBasics", "CSharpBasics\CSharpBasics.csproj", "{0F4034B2-AFB7-404F-84D0-A238FA50958D}"
EndProject
Project("{FAE04EC0-301F-11D3-BF4B-00C04F79EFBC}") = "CSharpOOP2", "CSharpOOP2\CSharpOOP2.csproj", "{00A92B14-FEE8-4C75-954E-454A2EFCE026}"
EndProject
Project("{FAE04EC0-301F-11D3-BF4B-00C04F79EFBC}") = "CSharpOOP4", "CSharpOOP4\CSharpOOP4.csproj", "{4991B6D6-2187-438B-BCC9-D60255FAB8E8}"
EndProject
Project("{FAE04EC0-301F-11D3-BF4B-00C04F79EFBC}") = "CSharpCollections1", "CSharpCollections1\CSharpCollections1.csproj", "{411362D7-4902-4B5F-9BEC-9234C91DF66E}"
EndProject
Project("{FAE04EC0-301F-11D3-BF4B-00C04F79EFBC}") = "LINQ", "LINQ\LINQ.csproj", "{CC4205CB-4292-45DB-9D84-F52D5DF8FE63}"
EndProject
Project("{FAE04EC0-301F-11D3-BF4B-00C04F79EFBC}") = "Decorator", "Decorator\Decorator.csproj", "{A721924B-EC94-42AD-B0D5-1620CE41872D}"
EndProject
Project("{FAE04EC0-301F-11D3-BF4B-00C04F79EFBC}") = "Factory Method", "Factory Method\Factory Method.csproj", "{B6FA71FF-FFB4-4083-A631-6E8F6BCCE0C3}"
EndProject
Project("{FAE04EC0-301F-11D3-BF4B-00C04F79EFBC}") = "CSharpAdvanced", "CSharpAdvanced\CSharpAdvanced.csproj", "{F9181753-CE8D-4FC5-9F88-6C06DF656EB9}"
EndProject
Project("{FAE04EC0-301F-11D3-BF4B-00C04F79EFBC}") = "FinalTest", "FinalTest\FinalTest.csproj", "{63EA7F58-79EF-4384-B967-BBAFEDDD27F9}"
EndProject
Project("{FAE04EC0-301F-11D3-BF4B-00C04F79EFBC}") = "FinalTestTasks", "FinalTestTasks\FinalTestTasks.csproj", "{3698A74F-1265-4125-BF16-E1455DB4EB35}"
EndProject
Project("{FAE04EC0-301F-11D3-BF4B-00C04F79EFBC}") = "CalculatorTest", "CalculatorTest\CalculatorTest.csproj", "{525A0AF3-C484-4153-9F23-B176C7AE6867}"
EndProject
Project("{FAE04EC0-301F-11D3-BF4B-00C04F79EFBC}") = "CalculatorTestsXUnit", "CalculatorTestsXUnit\CalculatorTestsXUnit.csproj", "{359EA683-F317-4578-8BD8-4A3B5D39AB66}"
EndProject
Project("{FAE04EC0-301F-11D3-BF4B-00C04F79EFBC}") = "SeleniumBasics", "SeleniumBasics\SeleniumBasics.csproj", "{D9E41B6D-AFAB-43EC-8A0F-E27671175D86}"
EndProject
Global
	GlobalSection(SolutionConfigurationPlatforms) = preSolution
		Debug|Any CPU = Debug|Any CPU
		Release|Any CPU = Release|Any CPU
	EndGlobalSection
	GlobalSection(ProjectConfigurationPlatforms) = postSolution
		{0F4034B2-AFB7-404F-84D0-A238FA50958D}.Debug|Any CPU.ActiveCfg = Debug|Any CPU
		{0F4034B2-AFB7-404F-84D0-A238FA50958D}.Debug|Any CPU.Build.0 = Debug|Any CPU
		{0F4034B2-AFB7-404F-84D0-A238FA50958D}.Release|Any CPU.ActiveCfg = Release|Any CPU
		{0F4034B2-AFB7-404F-84D0-A238FA50958D}.Release|Any CPU.Build.0 = Release|Any CPU
		{00A92B14-FEE8-4C75-954E-454A2EFCE026}.Debug|Any CPU.ActiveCfg = Debug|Any CPU
		{00A92B14-FEE8-4C75-954E-454A2EFCE026}.Debug|Any CPU.Build.0 = Debug|Any CPU
		{00A92B14-FEE8-4C75-954E-454A2EFCE026}.Release|Any CPU.ActiveCfg = Release|Any CPU
		{00A92B14-FEE8-4C75-954E-454A2EFCE026}.Release|Any CPU.Build.0 = Release|Any CPU
		{4991B6D6-2187-438B-BCC9-D60255FAB8E8}.Debug|Any CPU.ActiveCfg = Debug|Any CPU
		{4991B6D6-2187-438B-BCC9-D60255FAB8E8}.Debug|Any CPU.Build.0 = Debug|Any CPU
		{4991B6D6-2187-438B-BCC9-D60255FAB8E8}.Release|Any CPU.ActiveCfg = Release|Any CPU
		{4991B6D6-2187-438B-BCC9-D60255FAB8E8}.Release|Any CPU.Build.0 = Release|Any CPU
		{411362D7-4902-4B5F-9BEC-9234C91DF66E}.Debug|Any CPU.ActiveCfg = Debug|Any CPU
		{411362D7-4902-4B5F-9BEC-9234C91DF66E}.Debug|Any CPU.Build.0 = Debug|Any CPU
		{411362D7-4902-4B5F-9BEC-9234C91DF66E}.Release|Any CPU.ActiveCfg = Release|Any CPU
		{411362D7-4902-4B5F-9BEC-9234C91DF66E}.Release|Any CPU.Build.0 = Release|Any CPU
		{CC4205CB-4292-45DB-9D84-F52D5DF8FE63}.Debug|Any CPU.ActiveCfg = Debug|Any CPU
		{CC4205CB-4292-45DB-9D84-F52D5DF8FE63}.Debug|Any CPU.Build.0 = Debug|Any CPU
		{CC4205CB-4292-45DB-9D84-F52D5DF8FE63}.Release|Any CPU.ActiveCfg = Release|Any CPU
		{CC4205CB-4292-45DB-9D84-F52D5DF8FE63}.Release|Any CPU.Build.0 = Release|Any CPU
		{A721924B-EC94-42AD-B0D5-1620CE41872D}.Debug|Any CPU.ActiveCfg = Debug|Any CPU
		{A721924B-EC94-42AD-B0D5-1620CE41872D}.Debug|Any CPU.Build.0 = Debug|Any CPU
		{A721924B-EC94-42AD-B0D5-1620CE41872D}.Release|Any CPU.ActiveCfg = Release|Any CPU
		{A721924B-EC94-42AD-B0D5-1620CE41872D}.Release|Any CPU.Build.0 = Release|Any CPU
		{B6FA71FF-FFB4-4083-A631-6E8F6BCCE0C3}.Debug|Any CPU.ActiveCfg = Debug|Any CPU
		{B6FA71FF-FFB4-4083-A631-6E8F6BCCE0C3}.Debug|Any CPU.Build.0 = Debug|Any CPU
		{B6FA71FF-FFB4-4083-A631-6E8F6BCCE0C3}.Release|Any CPU.ActiveCfg = Release|Any CPU
		{B6FA71FF-FFB4-4083-A631-6E8F6BCCE0C3}.Release|Any CPU.Build.0 = Release|Any CPU
		{F9181753-CE8D-4FC5-9F88-6C06DF656EB9}.Debug|Any CPU.ActiveCfg = Debug|Any CPU
		{F9181753-CE8D-4FC5-9F88-6C06DF656EB9}.Debug|Any CPU.Build.0 = Debug|Any CPU
		{F9181753-CE8D-4FC5-9F88-6C06DF656EB9}.Release|Any CPU.ActiveCfg = Release|Any CPU
		{F9181753-CE8D-4FC5-9F88-6C06DF656EB9}.Release|Any CPU.Build.0 = Release|Any CPU
		{63EA7F58-79EF-4384-B967-BBAFEDDD27F9}.Debug|Any CPU.ActiveCfg = Debug|Any CPU
		{63EA7F58-79EF-4384-B967-BBAFEDDD27F9}.Debug|Any CPU.Build.0 = Debug|Any CPU
		{63EA7F58-79EF-4384-B967-BBAFEDDD27F9}.Release|Any CPU.ActiveCfg = Release|Any CPU
		{63EA7F58-79EF-4384-B967-BBAFEDDD27F9}.Release|Any CPU.Build.0 = Release|Any CPU
		{3698A74F-1265-4125-BF16-E1455DB4EB35}.Debug|Any CPU.ActiveCfg = Debug|Any CPU
		{3698A74F-1265-4125-BF16-E1455DB4EB35}.Debug|Any CPU.Build.0 = Debug|Any CPU
		{3698A74F-1265-4125-BF16-E1455DB4EB35}.Release|Any CPU.ActiveCfg = Release|Any CPU
		{3698A74F-1265-4125-BF16-E1455DB4EB35}.Release|Any CPU.Build.0 = Release|Any CPU
		{525A0AF3-C484-4153-9F23-B176C7AE6867}.Debug|Any CPU.ActiveCfg = Debug|Any CPU
		{525A0AF3-C484-4153-9F23-B176C7AE6867}.Debug|Any CPU.Build.0 = Debug|Any CPU
		{525A0AF3-C484-4153-9F23-B176C7AE6867}.Release|Any CPU.ActiveCfg = Release|Any CPU
		{525A0AF3-C484-4153-9F23-B176C7AE6867}.Release|Any CPU.Build.0 = Release|Any CPU
		{359EA683-F317-4578-8BD8-4A3B5D39AB66}.Debug|Any CPU.ActiveCfg = Debug|Any CPU
		{359EA683-F317-4578-8BD8-4A3B5D39AB66}.Debug|Any CPU.Build.0 = Debug|Any CPU
		{359EA683-F317-4578-8BD8-4A3B5D39AB66}.Release|Any CPU.ActiveCfg = Release|Any CPU
		{359EA683-F317-4578-8BD8-4A3B5D39AB66}.Release|Any CPU.Build.0 = Release|Any CPU
		{D9E41B6D-AFAB-43EC-8A0F-E27671175D86}.Debug|Any CPU.ActiveCfg = Debug|Any CPU
		{D9E41B6D-AFAB-43EC-8A0F-E27671175D86}.Debug|Any CPU.Build.0 = Debug|Any CPU
		{D9E41B6D-AFAB-43EC-8A0F-E27671175D86}.Release|Any CPU.ActiveCfg = Release|Any CPU
		{D9E41B6D-AFAB-43EC-8A0F-E27671175D86}.Release|Any CPU.Build.0 = Release|Any CPU
	EndGlobalSection
EndGlobal
