
Microsoft Visual Studio Solution File, Format Version 12.00
Project("{FAE04EC0-301F-11D3-BF4B-00C04F79EFBC}") = "CSharpBasics", "CSharpBasics\CSharpBasics.csproj", "{0F4034B2-AFB7-404F-84D0-A238FA50958D}"
EndProject
Project("{FAE04EC0-301F-11D3-BF4B-00C04F79EFBC}") = "CSharpOOP2", "CSharpOOP2\CSharpOOP2.csproj", "{00A92B14-FEE8-4C75-954E-454A2EFCE026}"
EndProject
Project("{FAE04EC0-301F-11D3-BF4B-00C04F79EFBC}") = "CSharpOOP4", "CSharpOOP4\CSharpOOP4.csproj", "{4991B6D6-2187-438B-BCC9-D60255FAB8E8}"
EndProject
Project("{FAE04EC0-301F-11D3-BF4B-00C04F79EFBC}") = "CSharpCollections1", "CSharpCollections1\CSharpCollections1.csproj", "{411362D7-4902-4B5F-9BEC-9234C91DF66E}"
EndProject
Project("{FAE04EC0-301F-11D3-BF4B-00C04F79EFBC}") = "LINQ", "LINQ\LINQ.csproj", "{CC4205CB-4292-45DB-9D84-F52D5DF8FE63}"
EndProject
Global
	GlobalSection(SolutionConfigurationPlatforms) = preSolution
		Debug|Any CPU = Debug|Any CPU
		Release|Any CPU = Release|Any CPU
	EndGlobalSection
	GlobalSection(ProjectConfigurationPlatforms) = postSolution
		{0F4034B2-AFB7-404F-84D0-A238FA50958D}.Debug|Any CPU.ActiveCfg = Debug|Any CPU
		{0F4034B2-AFB7-404F-84D0-A238FA50958D}.Debug|Any CPU.Build.0 = Debug|Any CPU
		{0F4034B2-AFB7-404F-84D0-A238FA50958D}.Release|Any CPU.ActiveCfg = Release|Any CPU
		{0F4034B2-AFB7-404F-84D0-A238FA50958D}.Release|Any CPU.Build.0 = Release|Any CPU
		{00A92B14-FEE8-4C75-954E-454A2EFCE026}.Debug|Any CPU.ActiveCfg = Debug|Any CPU
		{00A92B14-FEE8-4C75-954E-454A2EFCE026}.Debug|Any CPU.Build.0 = Debug|Any CPU
		{00A92B14-FEE8-4C75-954E-454A2EFCE026}.Release|Any CPU.ActiveCfg = Release|Any CPU
		{00A92B14-FEE8-4C75-954E-454A2EFCE026}.Release|Any CPU.Build.0 = Release|Any CPU
		{4991B6D6-2187-438B-BCC9-D60255FAB8E8}.Debug|Any CPU.ActiveCfg = Debug|Any CPU
		{4991B6D6-2187-438B-BCC9-D60255FAB8E8}.Debug|Any CPU.Build.0 = Debug|Any CPU
		{4991B6D6-2187-438B-BCC9-D60255FAB8E8}.Release|Any CPU.ActiveCfg = Release|Any CPU
		{4991B6D6-2187-438B-BCC9-D60255FAB8E8}.Release|Any CPU.Build.0 = Release|Any CPU
		{411362D7-4902-4B5F-9BEC-9234C91DF66E}.Debug|Any CPU.ActiveCfg = Debug|Any CPU
		{411362D7-4902-4B5F-9BEC-9234C91DF66E}.Debug|Any CPU.Build.0 = Debug|Any CPU
		{411362D7-4902-4B5F-9BEC-9234C91DF66E}.Release|Any CPU.ActiveCfg = Release|Any CPU
		{411362D7-4902-4B5F-9BEC-9234C91DF66E}.Release|Any CPU.Build.0 = Release|Any CPU
		{CC4205CB-4292-45DB-9D84-F52D5DF8FE63}.Debug|Any CPU.ActiveCfg = Debug|Any CPU
		{CC4205CB-4292-45DB-9D84-F52D5DF8FE63}.Debug|Any CPU.Build.0 = Debug|Any CPU
		{CC4205CB-4292-45DB-9D84-F52D5DF8FE63}.Release|Any CPU.ActiveCfg = Release|Any CPU
		{CC4205CB-4292-45DB-9D84-F52D5DF8FE63}.Release|Any CPU.Build.0 = Release|Any CPU
	EndGlobalSection
EndGlobal
